
Microsoft Visual Studio Solution File, Format Version 12.00
# Visual Studio Version 17
VisualStudioVersion = 17.2.32519.379
MinimumVisualStudioVersion = 10.0.40219.1
Project("{2150E333-8FDC-42A3-9474-1A3956D46DE8}") = "API", "API", "{54ED4246-A063-4ACA-A3C3-B50414F6B1F5}"
EndProject
Project("{2150E333-8FDC-42A3-9474-1A3956D46DE8}") = "APP", "APP", "{02312DA4-68C8-458E-9083-41263C2C6A56}"
EndProject
Project("{9A19103F-16F7-4668-BE54-9A1E7A4F7556}") = "JobSearch.API", "JobSearch.API\JobSearch.API.csproj", "{48C0EFA3-31BD-439B-9630-A4B32906EB49}"
EndProject
Project("{FAE04EC0-301F-11D3-BF4B-00C04F79EFBC}") = "JobSearch.App.UWP", "JobSearch.App\JobSearch.App.UWP\JobSearch.App.UWP.csproj", "{C4D47034-D979-4E97-9701-B1D8D2130205}"
EndProject
Project("{FAE04EC0-301F-11D3-BF4B-00C04F79EFBC}") = "JobSearch.App.Android", "JobSearch.App\JobSearch.App.Android\JobSearch.App.Android.csproj", "{7DCF6A9C-39C7-4B1D-A8C8-81FFD4357523}"
EndProject
Project("{FAE04EC0-301F-11D3-BF4B-00C04F79EFBC}") = "JobSearch.App.iOS", "JobSearch.App\JobSearch.App.iOS\JobSearch.App.iOS.csproj", "{986CCD19-EA9A-4C24-A042-2788F0E4DDBE}"
EndProject
Project("{FAE04EC0-301F-11D3-BF4B-00C04F79EFBC}") = "JobSearch.App", "JobSearch.App\JobSearch.App\JobSearch.App.csproj", "{190320B0-4735-416C-A311-77CAD4F8D4A1}"
EndProject
Project("{2150E333-8FDC-42A3-9474-1A3956D46DE8}") = "Domain", "Domain", "{EDDB0009-BD0C-439D-ABEC-CC7034677B4B}"
EndProject
Project("{FAE04EC0-301F-11D3-BF4B-00C04F79EFBC}") = "JobSearch.Domain", "JobSearch.Domain\JobSearch.Domain.csproj", "{27645EE7-4D6B-429E-A27F-6A2F9DC6BEE0}"
EndProject
Global
	GlobalSection(SolutionConfigurationPlatforms) = preSolution
		Debug|Any CPU = Debug|Any CPU
		Debug|ARM = Debug|ARM
		Debug|iPhone = Debug|iPhone
		Debug|iPhoneSimulator = Debug|iPhoneSimulator
		Debug|x64 = Debug|x64
		Debug|x86 = Debug|x86
		Release|Any CPU = Release|Any CPU
		Release|ARM = Release|ARM
		Release|iPhone = Release|iPhone
		Release|iPhoneSimulator = Release|iPhoneSimulator
		Release|x64 = Release|x64
		Release|x86 = Release|x86
	EndGlobalSection
	GlobalSection(ProjectConfigurationPlatforms) = postSolution
		{48C0EFA3-31BD-439B-9630-A4B32906EB49}.Debug|Any CPU.ActiveCfg = Debug|Any CPU
		{48C0EFA3-31BD-439B-9630-A4B32906EB49}.Debug|Any CPU.Build.0 = Debug|Any CPU
		{48C0EFA3-31BD-439B-9630-A4B32906EB49}.Debug|ARM.ActiveCfg = Debug|Any CPU
		{48C0EFA3-31BD-439B-9630-A4B32906EB49}.Debug|ARM.Build.0 = Debug|Any CPU
		{48C0EFA3-31BD-439B-9630-A4B32906EB49}.Debug|iPhone.ActiveCfg = Debug|Any CPU
		{48C0EFA3-31BD-439B-9630-A4B32906EB49}.Debug|iPhone.Build.0 = Debug|Any CPU
		{48C0EFA3-31BD-439B-9630-A4B32906EB49}.Debug|iPhoneSimulator.ActiveCfg = Debug|Any CPU
		{48C0EFA3-31BD-439B-9630-A4B32906EB49}.Debug|iPhoneSimulator.Build.0 = Debug|Any CPU
		{48C0EFA3-31BD-439B-9630-A4B32906EB49}.Debug|x64.ActiveCfg = Debug|Any CPU
		{48C0EFA3-31BD-439B-9630-A4B32906EB49}.Debug|x64.Build.0 = Debug|Any CPU
		{48C0EFA3-31BD-439B-9630-A4B32906EB49}.Debug|x86.ActiveCfg = Debug|Any CPU
		{48C0EFA3-31BD-439B-9630-A4B32906EB49}.Debug|x86.Build.0 = Debug|Any CPU
		{48C0EFA3-31BD-439B-9630-A4B32906EB49}.Release|Any CPU.ActiveCfg = Release|Any CPU
		{48C0EFA3-31BD-439B-9630-A4B32906EB49}.Release|Any CPU.Build.0 = Release|Any CPU
		{48C0EFA3-31BD-439B-9630-A4B32906EB49}.Release|ARM.ActiveCfg = Release|Any CPU
		{48C0EFA3-31BD-439B-9630-A4B32906EB49}.Release|ARM.Build.0 = Release|Any CPU
		{48C0EFA3-31BD-439B-9630-A4B32906EB49}.Release|iPhone.ActiveCfg = Release|Any CPU
		{48C0EFA3-31BD-439B-9630-A4B32906EB49}.Release|iPhone.Build.0 = Release|Any CPU
		{48C0EFA3-31BD-439B-9630-A4B32906EB49}.Release|iPhoneSimulator.ActiveCfg = Release|Any CPU
		{48C0EFA3-31BD-439B-9630-A4B32906EB49}.Release|iPhoneSimulator.Build.0 = Release|Any CPU
		{48C0EFA3-31BD-439B-9630-A4B32906EB49}.Release|x64.ActiveCfg = Release|Any CPU
		{48C0EFA3-31BD-439B-9630-A4B32906EB49}.Release|x64.Build.0 = Release|Any CPU
		{48C0EFA3-31BD-439B-9630-A4B32906EB49}.Release|x86.ActiveCfg = Release|Any CPU
		{48C0EFA3-31BD-439B-9630-A4B32906EB49}.Release|x86.Build.0 = Release|Any CPU
		{C4D47034-D979-4E97-9701-B1D8D2130205}.Debug|Any CPU.ActiveCfg = Debug|x64
		{C4D47034-D979-4E97-9701-B1D8D2130205}.Debug|Any CPU.Build.0 = Debug|x64
		{C4D47034-D979-4E97-9701-B1D8D2130205}.Debug|Any CPU.Deploy.0 = Debug|x64
		{C4D47034-D979-4E97-9701-B1D8D2130205}.Debug|ARM.ActiveCfg = Debug|ARM
		{C4D47034-D979-4E97-9701-B1D8D2130205}.Debug|ARM.Build.0 = Debug|ARM
		{C4D47034-D979-4E97-9701-B1D8D2130205}.Debug|ARM.Deploy.0 = Debug|ARM
		{C4D47034-D979-4E97-9701-B1D8D2130205}.Debug|iPhone.ActiveCfg = Debug|x64
		{C4D47034-D979-4E97-9701-B1D8D2130205}.Debug|iPhone.Build.0 = Debug|x64
		{C4D47034-D979-4E97-9701-B1D8D2130205}.Debug|iPhone.Deploy.0 = Debug|x64
		{C4D47034-D979-4E97-9701-B1D8D2130205}.Debug|iPhoneSimulator.ActiveCfg = Debug|x64
		{C4D47034-D979-4E97-9701-B1D8D2130205}.Debug|iPhoneSimulator.Build.0 = Debug|x64
		{C4D47034-D979-4E97-9701-B1D8D2130205}.Debug|iPhoneSimulator.Deploy.0 = Debug|x64
		{C4D47034-D979-4E97-9701-B1D8D2130205}.Debug|x64.ActiveCfg = Debug|x64
		{C4D47034-D979-4E97-9701-B1D8D2130205}.Debug|x64.Build.0 = Debug|x64
		{C4D47034-D979-4E97-9701-B1D8D2130205}.Debug|x64.Deploy.0 = Debug|x64
		{C4D47034-D979-4E97-9701-B1D8D2130205}.Debug|x86.ActiveCfg = Debug|x86
		{C4D47034-D979-4E97-9701-B1D8D2130205}.Debug|x86.Build.0 = Debug|x86
		{C4D47034-D979-4E97-9701-B1D8D2130205}.Debug|x86.Deploy.0 = Debug|x86
		{C4D47034-D979-4E97-9701-B1D8D2130205}.Release|Any CPU.ActiveCfg = Release|x64
		{C4D47034-D979-4E97-9701-B1D8D2130205}.Release|Any CPU.Build.0 = Release|x64
		{C4D47034-D979-4E97-9701-B1D8D2130205}.Release|Any CPU.Deploy.0 = Release|x64
		{C4D47034-D979-4E97-9701-B1D8D2130205}.Release|ARM.ActiveCfg = Release|ARM
		{C4D47034-D979-4E97-9701-B1D8D2130205}.Release|ARM.Build.0 = Release|ARM
		{C4D47034-D979-4E97-9701-B1D8D2130205}.Release|ARM.Deploy.0 = Release|ARM
		{C4D47034-D979-4E97-9701-B1D8D2130205}.Release|iPhone.ActiveCfg = Release|x64
		{C4D47034-D979-4E97-9701-B1D8D2130205}.Release|iPhone.Build.0 = Release|x64
		{C4D47034-D979-4E97-9701-B1D8D2130205}.Release|iPhone.Deploy.0 = Release|x64
		{C4D47034-D979-4E97-9701-B1D8D2130205}.Release|iPhoneSimulator.ActiveCfg = Release|x64
		{C4D47034-D979-4E97-9701-B1D8D2130205}.Release|iPhoneSimulator.Build.0 = Release|x64
		{C4D47034-D979-4E97-9701-B1D8D2130205}.Release|iPhoneSimulator.Deploy.0 = Release|x64
		{C4D47034-D979-4E97-9701-B1D8D2130205}.Release|x64.ActiveCfg = Release|x64
		{C4D47034-D979-4E97-9701-B1D8D2130205}.Release|x64.Build.0 = Release|x64
		{C4D47034-D979-4E97-9701-B1D8D2130205}.Release|x64.Deploy.0 = Release|x64
		{C4D47034-D979-4E97-9701-B1D8D2130205}.Release|x86.ActiveCfg = Release|x86
		{C4D47034-D979-4E97-9701-B1D8D2130205}.Release|x86.Build.0 = Release|x86
		{C4D47034-D979-4E97-9701-B1D8D2130205}.Release|x86.Deploy.0 = Release|x86
		{7DCF6A9C-39C7-4B1D-A8C8-81FFD4357523}.Debug|Any CPU.ActiveCfg = Debug|Any CPU
		{7DCF6A9C-39C7-4B1D-A8C8-81FFD4357523}.Debug|Any CPU.Build.0 = Debug|Any CPU
		{7DCF6A9C-39C7-4B1D-A8C8-81FFD4357523}.Debug|Any CPU.Deploy.0 = Debug|Any CPU
		{7DCF6A9C-39C7-4B1D-A8C8-81FFD4357523}.Debug|ARM.ActiveCfg = Debug|Any CPU
		{7DCF6A9C-39C7-4B1D-A8C8-81FFD4357523}.Debug|ARM.Build.0 = Debug|Any CPU
		{7DCF6A9C-39C7-4B1D-A8C8-81FFD4357523}.Debug|ARM.Deploy.0 = Debug|Any CPU
		{7DCF6A9C-39C7-4B1D-A8C8-81FFD4357523}.Debug|iPhone.ActiveCfg = Debug|Any CPU
		{7DCF6A9C-39C7-4B1D-A8C8-81FFD4357523}.Debug|iPhone.Build.0 = Debug|Any CPU
		{7DCF6A9C-39C7-4B1D-A8C8-81FFD4357523}.Debug|iPhone.Deploy.0 = Debug|Any CPU
		{7DCF6A9C-39C7-4B1D-A8C8-81FFD4357523}.Debug|iPhoneSimulator.ActiveCfg = Debug|Any CPU
		{7DCF6A9C-39C7-4B1D-A8C8-81FFD4357523}.Debug|iPhoneSimulator.Build.0 = Debug|Any CPU
		{7DCF6A9C-39C7-4B1D-A8C8-81FFD4357523}.Debug|iPhoneSimulator.Deploy.0 = Debug|Any CPU
		{7DCF6A9C-39C7-4B1D-A8C8-81FFD4357523}.Debug|x64.ActiveCfg = Debug|Any CPU
		{7DCF6A9C-39C7-4B1D-A8C8-81FFD4357523}.Debug|x64.Build.0 = Debug|Any CPU
		{7DCF6A9C-39C7-4B1D-A8C8-81FFD4357523}.Debug|x64.Deploy.0 = Debug|Any CPU
		{7DCF6A9C-39C7-4B1D-A8C8-81FFD4357523}.Debug|x86.ActiveCfg = Debug|Any CPU
		{7DCF6A9C-39C7-4B1D-A8C8-81FFD4357523}.Debug|x86.Build.0 = Debug|Any CPU
		{7DCF6A9C-39C7-4B1D-A8C8-81FFD4357523}.Debug|x86.Deploy.0 = Debug|Any CPU
		{7DCF6A9C-39C7-4B1D-A8C8-81FFD4357523}.Release|Any CPU.ActiveCfg = Release|Any CPU
		{7DCF6A9C-39C7-4B1D-A8C8-81FFD4357523}.Release|Any CPU.Build.0 = Release|Any CPU
		{7DCF6A9C-39C7-4B1D-A8C8-81FFD4357523}.Release|Any CPU.Deploy.0 = Release|Any CPU
		{7DCF6A9C-39C7-4B1D-A8C8-81FFD4357523}.Release|ARM.ActiveCfg = Release|Any CPU
		{7DCF6A9C-39C7-4B1D-A8C8-81FFD4357523}.Release|ARM.Build.0 = Release|Any CPU
		{7DCF6A9C-39C7-4B1D-A8C8-81FFD4357523}.Release|ARM.Deploy.0 = Release|Any CPU
		{7DCF6A9C-39C7-4B1D-A8C8-81FFD4357523}.Release|iPhone.ActiveCfg = Release|Any CPU
		{7DCF6A9C-39C7-4B1D-A8C8-81FFD4357523}.Release|iPhone.Build.0 = Release|Any CPU
		{7DCF6A9C-39C7-4B1D-A8C8-81FFD4357523}.Release|iPhone.Deploy.0 = Release|Any CPU
		{7DCF6A9C-39C7-4B1D-A8C8-81FFD4357523}.Release|iPhoneSimulator.ActiveCfg = Release|Any CPU
		{7DCF6A9C-39C7-4B1D-A8C8-81FFD4357523}.Release|iPhoneSimulator.Build.0 = Release|Any CPU
		{7DCF6A9C-39C7-4B1D-A8C8-81FFD4357523}.Release|iPhoneSimulator.Deploy.0 = Release|Any CPU
		{7DCF6A9C-39C7-4B1D-A8C8-81FFD4357523}.Release|x64.ActiveCfg = Release|Any CPU
		{7DCF6A9C-39C7-4B1D-A8C8-81FFD4357523}.Release|x64.Build.0 = Release|Any CPU
		{7DCF6A9C-39C7-4B1D-A8C8-81FFD4357523}.Release|x64.Deploy.0 = Release|Any CPU
		{7DCF6A9C-39C7-4B1D-A8C8-81FFD4357523}.Release|x86.ActiveCfg = Release|Any CPU
		{7DCF6A9C-39C7-4B1D-A8C8-81FFD4357523}.Release|x86.Build.0 = Release|Any CPU
		{7DCF6A9C-39C7-4B1D-A8C8-81FFD4357523}.Release|x86.Deploy.0 = Release|Any CPU
		{986CCD19-EA9A-4C24-A042-2788F0E4DDBE}.Debug|Any CPU.ActiveCfg = Debug|iPhoneSimulator
		{986CCD19-EA9A-4C24-A042-2788F0E4DDBE}.Debug|Any CPU.Build.0 = Debug|iPhoneSimulator
		{986CCD19-EA9A-4C24-A042-2788F0E4DDBE}.Debug|ARM.ActiveCfg = Debug|iPhoneSimulator
		{986CCD19-EA9A-4C24-A042-2788F0E4DDBE}.Debug|ARM.Build.0 = Debug|iPhoneSimulator
		{986CCD19-EA9A-4C24-A042-2788F0E4DDBE}.Debug|iPhone.ActiveCfg = Debug|iPhone
		{986CCD19-EA9A-4C24-A042-2788F0E4DDBE}.Debug|iPhone.Build.0 = Debug|iPhone
		{986CCD19-EA9A-4C24-A042-2788F0E4DDBE}.Debug|iPhoneSimulator.ActiveCfg = Debug|iPhoneSimulator
		{986CCD19-EA9A-4C24-A042-2788F0E4DDBE}.Debug|iPhoneSimulator.Build.0 = Debug|iPhoneSimulator
		{986CCD19-EA9A-4C24-A042-2788F0E4DDBE}.Debug|x64.ActiveCfg = Debug|iPhoneSimulator
		{986CCD19-EA9A-4C24-A042-2788F0E4DDBE}.Debug|x64.Build.0 = Debug|iPhoneSimulator
		{986CCD19-EA9A-4C24-A042-2788F0E4DDBE}.Debug|x86.ActiveCfg = Debug|iPhoneSimulator
		{986CCD19-EA9A-4C24-A042-2788F0E4DDBE}.Debug|x86.Build.0 = Debug|iPhoneSimulator
		{986CCD19-EA9A-4C24-A042-2788F0E4DDBE}.Release|Any CPU.ActiveCfg = Release|iPhoneSimulator
		{986CCD19-EA9A-4C24-A042-2788F0E4DDBE}.Release|Any CPU.Build.0 = Release|iPhoneSimulator
		{986CCD19-EA9A-4C24-A042-2788F0E4DDBE}.Release|ARM.ActiveCfg = Release|iPhoneSimulator
		{986CCD19-EA9A-4C24-A042-2788F0E4DDBE}.Release|ARM.Build.0 = Release|iPhoneSimulator
		{986CCD19-EA9A-4C24-A042-2788F0E4DDBE}.Release|iPhone.ActiveCfg = Release|iPhone
		{986CCD19-EA9A-4C24-A042-2788F0E4DDBE}.Release|iPhone.Build.0 = Release|iPhone
		{986CCD19-EA9A-4C24-A042-2788F0E4DDBE}.Release|iPhoneSimulator.ActiveCfg = Release|iPhoneSimulator
		{986CCD19-EA9A-4C24-A042-2788F0E4DDBE}.Release|iPhoneSimulator.Build.0 = Release|iPhoneSimulator
		{986CCD19-EA9A-4C24-A042-2788F0E4DDBE}.Release|x64.ActiveCfg = Release|iPhoneSimulator
		{986CCD19-EA9A-4C24-A042-2788F0E4DDBE}.Release|x64.Build.0 = Release|iPhoneSimulator
		{986CCD19-EA9A-4C24-A042-2788F0E4DDBE}.Release|x86.ActiveCfg = Release|iPhoneSimulator
		{986CCD19-EA9A-4C24-A042-2788F0E4DDBE}.Release|x86.Build.0 = Release|iPhoneSimulator
		{190320B0-4735-416C-A311-77CAD4F8D4A1}.Debug|Any CPU.ActiveCfg = Debug|Any CPU
		{190320B0-4735-416C-A311-77CAD4F8D4A1}.Debug|Any CPU.Build.0 = Debug|Any CPU
		{190320B0-4735-416C-A311-77CAD4F8D4A1}.Debug|ARM.ActiveCfg = Debug|Any CPU
		{190320B0-4735-416C-A311-77CAD4F8D4A1}.Debug|ARM.Build.0 = Debug|Any CPU
		{190320B0-4735-416C-A311-77CAD4F8D4A1}.Debug|iPhone.ActiveCfg = Debug|Any CPU
		{190320B0-4735-416C-A311-77CAD4F8D4A1}.Debug|iPhone.Build.0 = Debug|Any CPU
		{190320B0-4735-416C-A311-77CAD4F8D4A1}.Debug|iPhoneSimulator.ActiveCfg = Debug|Any CPU
		{190320B0-4735-416C-A311-77CAD4F8D4A1}.Debug|iPhoneSimulator.Build.0 = Debug|Any CPU
		{190320B0-4735-416C-A311-77CAD4F8D4A1}.Debug|x64.ActiveCfg = Debug|Any CPU
		{190320B0-4735-416C-A311-77CAD4F8D4A1}.Debug|x64.Build.0 = Debug|Any CPU
		{190320B0-4735-416C-A311-77CAD4F8D4A1}.Debug|x86.ActiveCfg = Debug|Any CPU
		{190320B0-4735-416C-A311-77CAD4F8D4A1}.Debug|x86.Build.0 = Debug|Any CPU
		{190320B0-4735-416C-A311-77CAD4F8D4A1}.Release|Any CPU.ActiveCfg = Release|Any CPU
		{190320B0-4735-416C-A311-77CAD4F8D4A1}.Release|Any CPU.Build.0 = Release|Any CPU
		{190320B0-4735-416C-A311-77CAD4F8D4A1}.Release|ARM.ActiveCfg = Release|Any CPU
		{190320B0-4735-416C-A311-77CAD4F8D4A1}.Release|ARM.Build.0 = Release|Any CPU
		{190320B0-4735-416C-A311-77CAD4F8D4A1}.Release|iPhone.ActiveCfg = Release|Any CPU
		{190320B0-4735-416C-A311-77CAD4F8D4A1}.Release|iPhone.Build.0 = Release|Any CPU
		{190320B0-4735-416C-A311-77CAD4F8D4A1}.Release|iPhoneSimulator.ActiveCfg = Release|Any CPU
		{190320B0-4735-416C-A311-77CAD4F8D4A1}.Release|iPhoneSimulator.Build.0 = Release|Any CPU
		{190320B0-4735-416C-A311-77CAD4F8D4A1}.Release|x64.ActiveCfg = Release|Any CPU
		{190320B0-4735-416C-A311-77CAD4F8D4A1}.Release|x64.Build.0 = Release|Any CPU
		{190320B0-4735-416C-A311-77CAD4F8D4A1}.Release|x86.ActiveCfg = Release|Any CPU
		{190320B0-4735-416C-A311-77CAD4F8D4A1}.Release|x86.Build.0 = Release|Any CPU
		{27645EE7-4D6B-429E-A27F-6A2F9DC6BEE0}.Debug|Any CPU.ActiveCfg = Debug|Any CPU
		{27645EE7-4D6B-429E-A27F-6A2F9DC6BEE0}.Debug|Any CPU.Build.0 = Debug|Any CPU
		{27645EE7-4D6B-429E-A27F-6A2F9DC6BEE0}.Debug|ARM.ActiveCfg = Debug|Any CPU
		{27645EE7-4D6B-429E-A27F-6A2F9DC6BEE0}.Debug|ARM.Build.0 = Debug|Any CPU
		{27645EE7-4D6B-429E-A27F-6A2F9DC6BEE0}.Debug|iPhone.ActiveCfg = Debug|Any CPU
		{27645EE7-4D6B-429E-A27F-6A2F9DC6BEE0}.Debug|iPhone.Build.0 = Debug|Any CPU
		{27645EE7-4D6B-429E-A27F-6A2F9DC6BEE0}.Debug|iPhoneSimulator.ActiveCfg = Debug|Any CPU
		{27645EE7-4D6B-429E-A27F-6A2F9DC6BEE0}.Debug|iPhoneSimulator.Build.0 = Debug|Any CPU
		{27645EE7-4D6B-429E-A27F-6A2F9DC6BEE0}.Debug|x64.ActiveCfg = Debug|Any CPU
		{27645EE7-4D6B-429E-A27F-6A2F9DC6BEE0}.Debug|x64.Build.0 = Debug|Any CPU
		{27645EE7-4D6B-429E-A27F-6A2F9DC6BEE0}.Debug|x86.ActiveCfg = Debug|Any CPU
		{27645EE7-4D6B-429E-A27F-6A2F9DC6BEE0}.Debug|x86.Build.0 = Debug|Any CPU
		{27645EE7-4D6B-429E-A27F-6A2F9DC6BEE0}.Release|Any CPU.ActiveCfg = Release|Any CPU
		{27645EE7-4D6B-429E-A27F-6A2F9DC6BEE0}.Release|Any CPU.Build.0 = Release|Any CPU
		{27645EE7-4D6B-429E-A27F-6A2F9DC6BEE0}.Release|ARM.ActiveCfg = Release|Any CPU
		{27645EE7-4D6B-429E-A27F-6A2F9DC6BEE0}.Release|ARM.Build.0 = Release|Any CPU
		{27645EE7-4D6B-429E-A27F-6A2F9DC6BEE0}.Release|iPhone.ActiveCfg = Release|Any CPU
		{27645EE7-4D6B-429E-A27F-6A2F9DC6BEE0}.Release|iPhone.Build.0 = Release|Any CPU
		{27645EE7-4D6B-429E-A27F-6A2F9DC6BEE0}.Release|iPhoneSimulator.ActiveCfg = Release|Any CPU
		{27645EE7-4D6B-429E-A27F-6A2F9DC6BEE0}.Release|iPhoneSimulator.Build.0 = Release|Any CPU
		{27645EE7-4D6B-429E-A27F-6A2F9DC6BEE0}.Release|x64.ActiveCfg = Release|Any CPU
		{27645EE7-4D6B-429E-A27F-6A2F9DC6BEE0}.Release|x64.Build.0 = Release|Any CPU
		{27645EE7-4D6B-429E-A27F-6A2F9DC6BEE0}.Release|x86.ActiveCfg = Release|Any CPU
		{27645EE7-4D6B-429E-A27F-6A2F9DC6BEE0}.Release|x86.Build.0 = Release|Any CPU
	EndGlobalSection
	GlobalSection(SolutionProperties) = preSolution
		HideSolutionNode = FALSE
	EndGlobalSection
	GlobalSection(NestedProjects) = preSolution
		{48C0EFA3-31BD-439B-9630-A4B32906EB49} = {54ED4246-A063-4ACA-A3C3-B50414F6B1F5}
		{C4D47034-D979-4E97-9701-B1D8D2130205} = {02312DA4-68C8-458E-9083-41263C2C6A56}
		{7DCF6A9C-39C7-4B1D-A8C8-81FFD4357523} = {02312DA4-68C8-458E-9083-41263C2C6A56}
		{986CCD19-EA9A-4C24-A042-2788F0E4DDBE} = {02312DA4-68C8-458E-9083-41263C2C6A56}
		{190320B0-4735-416C-A311-77CAD4F8D4A1} = {02312DA4-68C8-458E-9083-41263C2C6A56}
		{27645EE7-4D6B-429E-A27F-6A2F9DC6BEE0} = {EDDB0009-BD0C-439D-ABEC-CC7034677B4B}
	EndGlobalSection
	GlobalSection(ExtensibilityGlobals) = postSolution
		SolutionGuid = {3CF38C19-975E-48CA-933B-A5B81C0133D0}
	EndGlobalSection
EndGlobal
